
Microsoft Visual Studio Solution File, Format Version 12.00
# Visual Studio Version 17
VisualStudioVersion = 17.14.36127.28 d17.14
MinimumVisualStudioVersion = 10.0.40219.1
Project("{54A90642-561A-4BB1-A94E-469ADEE60C69}") = "myfirstreactdotnetapp.client", "myfirstreactdotnetapp.client\myfirstreactdotnetapp.client.esproj", "{7AF4763F-7509-629D-CC04-58ABE0DC6E84}"
EndProject
Project("{FAE04EC0-301F-11D3-BF4B-00C04F79EFBC}") = "MyFirstReactDotNetApp.Server", "MyFirstReactDotNetApp.Server\MyFirstReactDotNetApp.Server.csproj", "{4602F497-13C0-4AD0-A0F2-C40A3244E5E5}"
EndProject
Global
	GlobalSection(SolutionConfigurationPlatforms) = preSolution
		Debug|Any CPU = Debug|Any CPU
		Release|Any CPU = Release|Any CPU
	EndGlobalSection
	GlobalSection(ProjectConfigurationPlatforms) = postSolution
		{7AF4763F-7509-629D-CC04-58ABE0DC6E84}.Debug|Any CPU.ActiveCfg = Debug|Any CPU
		{7AF4763F-7509-629D-CC04-58ABE0DC6E84}.Debug|Any CPU.Build.0 = Debug|Any CPU
		{7AF4763F-7509-629D-CC04-58ABE0DC6E84}.Debug|Any CPU.Deploy.0 = Debug|Any CPU
		{7AF4763F-7509-629D-CC04-58ABE0DC6E84}.Release|Any CPU.ActiveCfg = Release|Any CPU
		{7AF4763F-7509-629D-CC04-58ABE0DC6E84}.Release|Any CPU.Build.0 = Release|Any CPU
		{7AF4763F-7509-629D-CC04-58ABE0DC6E84}.Release|Any CPU.Deploy.0 = Release|Any CPU
		{4602F497-13C0-4AD0-A0F2-C40A3244E5E5}.Debug|Any CPU.ActiveCfg = Debug|Any CPU
		{4602F497-13C0-4AD0-A0F2-C40A3244E5E5}.Debug|Any CPU.Build.0 = Debug|Any CPU
		{4602F497-13C0-4AD0-A0F2-C40A3244E5E5}.Release|Any CPU.ActiveCfg = Release|Any CPU
		{4602F497-13C0-4AD0-A0F2-C40A3244E5E5}.Release|Any CPU.Build.0 = Release|Any CPU
	EndGlobalSection
	GlobalSection(SolutionProperties) = preSolution
		HideSolutionNode = FALSE
	EndGlobalSection
	GlobalSection(ExtensibilityGlobals) = postSolution
		SolutionGuid = {85AFDF67-5607-4ED2-A294-574D30D8D1AD}
	EndGlobalSection
EndGlobal
